// !$*UTF8*$!
{
	archiveVersion = 1;
	classes = {
	};
	objectVersion = 77;
	objects = {

/* Begin PBXContainerItemProxy section */
		EDAF6A6E2D6EE3BA0064A192 /* PBXContainerItemProxy */ = {
			isa = PBXContainerItemProxy;
			containerPortal = EDAF6A4F2D6EE3B90064A192 /* Project object */;
			proxyType = 1;
			remoteGlobalIDString = EDAF6A562D6EE3B90064A192;
			remoteInfo = iOS_App_memo;
		};
		EDAF6A782D6EE3BA0064A192 /* PBXContainerItemProxy */ = {
			isa = PBXContainerItemProxy;
			containerPortal = EDAF6A4F2D6EE3B90064A192 /* Project object */;
			proxyType = 1;
			remoteGlobalIDString = EDAF6A562D6EE3B90064A192;
			remoteInfo = iOS_App_memo;
		};
/* End PBXContainerItemProxy section */

/* Begin PBXFileReference section */
		EDAF6A572D6EE3B90064A192 /* iOS_App_memo.app */ = {isa = PBXFileReference; explicitFileType = wrapper.application; includeInIndex = 0; path = iOS_App_memo.app; sourceTree = BUILT_PRODUCTS_DIR; };
		EDAF6A6D2D6EE3BA0064A192 /* iOS_App_memoTests.xctest */ = {isa = PBXFileReference; explicitFileType = wrapper.cfbundle; includeInIndex = 0; path = iOS_App_memoTests.xctest; sourceTree = BUILT_PRODUCTS_DIR; };
		EDAF6A772D6EE3BA0064A192 /* iOS_App_memoUITests.xctest */ = {isa = PBXFileReference; explicitFileType = wrapper.cfbundle; includeInIndex = 0; path = iOS_App_memoUITests.xctest; sourceTree = BUILT_PRODUCTS_DIR; };
/* End PBXFileReference section */

/* Begin PBXFileSystemSynchronizedBuildFileExceptionSet section */
		EDAF6A7F2D6EE3BA0064A192 /* Exceptions for "iOS_App_memo" folder in "iOS_App_memo" target */ = {
			isa = PBXFileSystemSynchronizedBuildFileExceptionSet;
			membershipExceptions = (
				Info.plist,
			);
			target = EDAF6A562D6EE3B90064A192 /* iOS_App_memo */;
		};
/* End PBXFileSystemSynchronizedBuildFileExceptionSet section */

/* Begin PBXFileSystemSynchronizedRootGroup section */
		EDAF6A592D6EE3B90064A192 /* iOS_App_memo */ = {
			isa = PBXFileSystemSynchronizedRootGroup;
			exceptions = (
				EDAF6A7F2D6EE3BA0064A192 /* Exceptions for "iOS_App_memo" folder in "iOS_App_memo" target */,
			);
			path = iOS_App_memo;
			sourceTree = "<group>";
		};
		EDAF6A702D6EE3BA0064A192 /* iOS_App_memoTests */ = {
			isa = PBXFileSystemSynchronizedRootGroup;
			path = iOS_App_memoTests;
			sourceTree = "<group>";
		};
		EDAF6A7A2D6EE3BA0064A192 /* iOS_App_memoUITests */ = {
			isa = PBXFileSystemSynchronizedRootGroup;
			path = iOS_App_memoUITests;
			sourceTree = "<group>";
		};
/* End PBXFileSystemSynchronizedRootGroup section */

/* Begin PBXFrameworksBuildPhase section */
		EDAF6A542D6EE3B90064A192 /* Frameworks */ = {
			isa = PBXFrameworksBuildPhase;
			buildActionMask = 2147483647;
			files = (
			);
			runOnlyForDeploymentPostprocessing = 0;
		};
		EDAF6A6A2D6EE3BA0064A192 /* Frameworks */ = {
			isa = PBXFrameworksBuildPhase;
			buildActionMask = 2147483647;
			files = (
			);
			runOnlyForDeploymentPostprocessing = 0;
		};
		EDAF6A742D6EE3BA0064A192 /* Frameworks */ = {
			isa = PBXFrameworksBuildPhase;
			buildActionMask = 2147483647;
			files = (
			);
			runOnlyForDeploymentPostprocessing = 0;
		};
/* End PBXFrameworksBuildPhase section */

/* Begin PBXGroup section */
		EDAF6A4E2D6EE3B90064A192 = {
			isa = PBXGroup;
			children = (
				EDAF6A592D6EE3B90064A192 /* iOS_App_memo */,
				EDAF6A702D6EE3BA0064A192 /* iOS_App_memoTests */,
				EDAF6A7A2D6EE3BA0064A192 /* iOS_App_memoUITests */,
				EDAF6A582D6EE3B90064A192 /* Products */,
			);
			sourceTree = "<group>";
		};
		EDAF6A582D6EE3B90064A192 /* Products */ = {
			isa = PBXGroup;
			children = (
				EDAF6A572D6EE3B90064A192 /* iOS_App_memo.app */,
				EDAF6A6D2D6EE3BA0064A192 /* iOS_App_memoTests.xctest */,
				EDAF6A772D6EE3BA0064A192 /* iOS_App_memoUITests.xctest */,
			);
			name = Products;
			sourceTree = "<group>";
		};
/* End PBXGroup section */

/* Begin PBXNativeTarget section */
		EDAF6A562D6EE3B90064A192 /* iOS_App_memo */ = {
			isa = PBXNativeTarget;
			buildConfigurationList = EDAF6A802D6EE3BA0064A192 /* Build configuration list for PBXNativeTarget "iOS_App_memo" */;
			buildPhases = (
				EDAF6A532D6EE3B90064A192 /* Sources */,
				EDAF6A542D6EE3B90064A192 /* Frameworks */,
				EDAF6A552D6EE3B90064A192 /* Resources */,
			);
			buildRules = (
			);
			dependencies = (
			);
			fileSystemSynchronizedGroups = (
				EDAF6A592D6EE3B90064A192 /* iOS_App_memo */,
			);
			name = iOS_App_memo;
			packageProductDependencies = (
			);
			productName = iOS_App_memo;
			productReference = EDAF6A572D6EE3B90064A192 /* iOS_App_memo.app */;
			productType = "com.apple.product-type.application";
		};
		EDAF6A6C2D6EE3BA0064A192 /* iOS_App_memoTests */ = {
			isa = PBXNativeTarget;
			buildConfigurationList = EDAF6A852D6EE3BA0064A192 /* Build configuration list for PBXNativeTarget "iOS_App_memoTests" */;
			buildPhases = (
				EDAF6A692D6EE3BA0064A192 /* Sources */,
				EDAF6A6A2D6EE3BA0064A192 /* Frameworks */,
				EDAF6A6B2D6EE3BA0064A192 /* Resources */,
			);
			buildRules = (
			);
			dependencies = (
				EDAF6A6F2D6EE3BA0064A192 /* PBXTargetDependency */,
			);
			fileSystemSynchronizedGroups = (
				EDAF6A702D6EE3BA0064A192 /* iOS_App_memoTests */,
			);
			name = iOS_App_memoTests;
			packageProductDependencies = (
			);
			productName = iOS_App_memoTests;
			productReference = EDAF6A6D2D6EE3BA0064A192 /* iOS_App_memoTests.xctest */;
			productType = "com.apple.product-type.bundle.unit-test";
		};
		EDAF6A762D6EE3BA0064A192 /* iOS_App_memoUITests */ = {
			isa = PBXNativeTarget;
			buildConfigurationList = EDAF6A882D6EE3BA0064A192 /* Build configuration list for PBXNativeTarget "iOS_App_memoUITests" */;
			buildPhases = (
				EDAF6A732D6EE3BA0064A192 /* Sources */,
				EDAF6A742D6EE3BA0064A192 /* Frameworks */,
				EDAF6A752D6EE3BA0064A192 /* Resources */,
			);
			buildRules = (
			);
			dependencies = (
				EDAF6A792D6EE3BA0064A192 /* PBXTargetDependency */,
			);
			fileSystemSynchronizedGroups = (
				EDAF6A7A2D6EE3BA0064A192 /* iOS_App_memoUITests */,
			);
			name = iOS_App_memoUITests;
			packageProductDependencies = (
			);
			productName = iOS_App_memoUITests;
			productReference = EDAF6A772D6EE3BA0064A192 /* iOS_App_memoUITests.xctest */;
			productType = "com.apple.product-type.bundle.ui-testing";
		};
/* End PBXNativeTarget section */

/* Begin PBXProject section */
		EDAF6A4F2D6EE3B90064A192 /* Project object */ = {
			isa = PBXProject;
			attributes = {
				BuildIndependentTargetsInParallel = 1;
				LastSwiftUpdateCheck = 1620;
				LastUpgradeCheck = 1620;
				TargetAttributes = {
					EDAF6A562D6EE3B90064A192 = {
						CreatedOnToolsVersion = 16.2;
					};
					EDAF6A6C2D6EE3BA0064A192 = {
						CreatedOnToolsVersion = 16.2;
						TestTargetID = EDAF6A562D6EE3B90064A192;
					};
					EDAF6A762D6EE3BA0064A192 = {
						CreatedOnToolsVersion = 16.2;
						TestTargetID = EDAF6A562D6EE3B90064A192;
					};
				};
			};
			buildConfigurationList = EDAF6A522D6EE3B90064A192 /* Build configuration list for PBXProject "iOS_App_memo" */;
			developmentRegion = en;
			hasScannedForEncodings = 0;
			knownRegions = (
				en,
				Base,
			);
			mainGroup = EDAF6A4E2D6EE3B90064A192;
			minimizedProjectReferenceProxies = 1;
			preferredProjectObjectVersion = 77;
			productRefGroup = EDAF6A582D6EE3B90064A192 /* Products */;
			projectDirPath = "";
			projectRoot = "";
			targets = (
				EDAF6A562D6EE3B90064A192 /* iOS_App_memo */,
				EDAF6A6C2D6EE3BA0064A192 /* iOS_App_memoTests */,
				EDAF6A762D6EE3BA0064A192 /* iOS_App_memoUITests */,
			);
		};
/* End PBXProject section */

/* Begin PBXResourcesBuildPhase section */
		EDAF6A552D6EE3B90064A192 /* Resources */ = {
			isa = PBXResourcesBuildPhase;
			buildActionMask = 2147483647;
			files = (
			);
			runOnlyForDeploymentPostprocessing = 0;
		};
		EDAF6A6B2D6EE3BA0064A192 /* Resources */ = {
			isa = PBXResourcesBuildPhase;
			buildActionMask = 2147483647;
			files = (
			);
			runOnlyForDeploymentPostprocessing = 0;
		};
		EDAF6A752D6EE3BA0064A192 /* Resources */ = {
			isa = PBXResourcesBuildPhase;
			buildActionMask = 2147483647;
			files = (
			);
			runOnlyForDeploymentPostprocessing = 0;
		};
/* End PBXResourcesBuildPhase section */

/* Begin PBXSourcesBuildPhase section */
		EDAF6A532D6EE3B90064A192 /* Sources */ = {
			isa = PBXSourcesBuildPhase;
			buildActionMask = 2147483647;
			files = (
			);
			runOnlyForDeploymentPostprocessing = 0;
		};
		EDAF6A692D6EE3BA0064A192 /* Sources */ = {
			isa = PBXSourcesBuildPhase;
			buildActionMask = 2147483647;
			files = (
			);
			runOnlyForDeploymentPostprocessing = 0;
		};
		EDAF6A732D6EE3BA0064A192 /* Sources */ = {
			isa = PBXSourcesBuildPhase;
			buildActionMask = 2147483647;
			files = (
			);
			runOnlyForDeploymentPostprocessing = 0;
		};
/* End PBXSourcesBuildPhase section */

/* Begin PBXTargetDependency section */
		EDAF6A6F2D6EE3BA0064A192 /* PBXTargetDependency */ = {
			isa = PBXTargetDependency;
			target = EDAF6A562D6EE3B90064A192 /* iOS_App_memo */;
			targetProxy = EDAF6A6E2D6EE3BA0064A192 /* PBXContainerItemProxy */;
		};
		EDAF6A792D6EE3BA0064A192 /* PBXTargetDependency */ = {
			isa = PBXTargetDependency;
			target = EDAF6A562D6EE3B90064A192 /* iOS_App_memo */;
			targetProxy = EDAF6A782D6EE3BA0064A192 /* PBXContainerItemProxy */;
		};
/* End PBXTargetDependency section */

/* Begin XCBuildConfiguration section */
		EDAF6A812D6EE3BA0064A192 /* Debug */ = {
			isa = XCBuildConfiguration;
			buildSettings = {
				ASSETCATALOG_COMPILER_APPICON_NAME = AppIcon;
				ASSETCATALOG_COMPILER_GLOBAL_ACCENT_COLOR_NAME = AccentColor;
				CODE_SIGN_STYLE = Automatic;
				CURRENT_PROJECT_VERSION = 1;
				GENERATE_INFOPLIST_FILE = YES;
				INFOPLIST_FILE = iOS_App_memo/Info.plist;
				INFOPLIST_KEY_UIApplicationSupportsIndirectInputEvents = YES;
				INFOPLIST_KEY_UILaunchStoryboardName = LaunchScreen;
				INFOPLIST_KEY_UIMainStoryboardFile = Main;
				INFOPLIST_KEY_UISupportedInterfaceOrientations_iPad = "UIInterfaceOrientationPortrait UIInterfaceOrientationPortraitUpsideDown UIInterfaceOrientationLandscapeLeft UIInterfaceOrientationLandscapeRight";
				INFOPLIST_KEY_UISupportedInterfaceOrientations_iPhone = "UIInterfaceOrientationPortrait UIInterfaceOrientationLandscapeLeft UIInterfaceOrientationLandscapeRight";
				LD_RUNPATH_SEARCH_PATHS = (
					"$(inherited)",
					"@executable_path/Frameworks",
				);
				MARKETING_VERSION = 1.0;
				PRODUCT_BUNDLE_IDENTIFIER = "com.NH.iOS-App-memo";
				PRODUCT_NAME = "$(TARGET_NAME)";
				SWIFT_EMIT_LOC_STRINGS = YES;
				SWIFT_VERSION = 5.0;
				TARGETED_DEVICE_FAMILY = "1,2";
			};
			name = Debug;
		};
		EDAF6A822D6EE3BA0064A192 /* Release */ = {
			isa = XCBuildConfiguration;
			buildSettings = {
				ASSETCATALOG_COMPILER_APPICON_NAME = AppIcon;
				ASSETCATALOG_COMPILER_GLOBAL_ACCENT_COLOR_NAME = AccentColor;
				CODE_SIGN_STYLE = Automatic;
				CURRENT_PROJECT_VERSION = 1;
				GENERATE_INFOPLIST_FILE = YES;
				INFOPLIST_FILE = iOS_App_memo/Info.plist;
				INFOPLIST_KEY_UIApplicationSupportsIndirectInputEvents = YES;
				INFOPLIST_KEY_UILaunchStoryboardName = LaunchScreen;
				INFOPLIST_KEY_UIMainStoryboardFile = Main;
				INFOPLIST_KEY_UISupportedInterfaceOrientations_iPad = "UIInterfaceOrientationPortrait UIInterfaceOrientationPortraitUpsideDown UIInterfaceOrientationLandscapeLeft UIInterfaceOrientationLandscapeRight";
				INFOPLIST_KEY_UISupportedInterfaceOrientations_iPhone = "UIInterfaceOrientationPortrait UIInterfaceOrientationLandscapeLeft UIInterfaceOrientationLandscapeRight";
				LD_RUNPATH_SEARCH_PATHS = (
					"$(inherited)",
					"@executable_path/Frameworks",
				);
				MARKETING_VERSION = 1.0;
				PRODUCT_BUNDLE_IDENTIFIER = "com.NH.iOS-App-memo";
				PRODUCT_NAME = "$(TARGET_NAME)";
				SWIFT_EMIT_LOC_STRINGS = YES;
				SWIFT_VERSION = 5.0;
				TARGETED_DEVICE_FAMILY = "1,2";
			};
			name = Release;
		};
		EDAF6A832D6EE3BA0064A192 /* Debug */ = {
			isa = XCBuildConfiguration;
			buildSettings = {
				ALWAYS_SEARCH_USER_PATHS = NO;
				ASSETCATALOG_COMPILER_GENERATE_SWIFT_ASSET_SYMBOL_EXTENSIONS = YES;
				CLANG_ANALYZER_NONNULL = YES;
				CLANG_ANALYZER_NUMBER_OBJECT_CONVERSION = YES_AGGRESSIVE;
				CLANG_CXX_LANGUAGE_STANDARD = "gnu++20";
				CLANG_ENABLE_MODULES = YES;
				CLANG_ENABLE_OBJC_ARC = YES;
				CLANG_ENABLE_OBJC_WEAK = YES;
				CLANG_WARN_BLOCK_CAPTURE_AUTORELEASING = YES;
				CLANG_WARN_BOOL_CONVERSION = YES;
				CLANG_WARN_COMMA = YES;
				CLANG_WARN_CONSTANT_CONVERSION = YES;
				CLANG_WARN_DEPRECATED_OBJC_IMPLEMENTATIONS = YES;
				CLANG_WARN_DIRECT_OBJC_ISA_USAGE = YES_ERROR;
				CLANG_WARN_DOCUMENTATION_COMMENTS = YES;
				CLANG_WARN_EMPTY_BODY = YES;
				CLANG_WARN_ENUM_CONVERSION = YES;
				CLANG_WARN_INFINITE_RECURSION = YES;
				CLANG_WARN_INT_CONVERSION = YES;
				CLANG_WARN_NON_LITERAL_NULL_CONVERSION = YES;
				CLANG_WARN_OBJC_IMPLICIT_RETAIN_SELF = YES;
				CLANG_WARN_OBJC_LITERAL_CONVERSION = YES;
				CLANG_WARN_OBJC_ROOT_CLASS = YES_ERROR;
				CLANG_WARN_QUOTED_INCLUDE_IN_FRAMEWORK_HEADER = YES;
				CLANG_WARN_RANGE_LOOP_ANALYSIS = YES;
				CLANG_WARN_STRICT_PROTOTYPES = YES;
				CLANG_WARN_SUSPICIOUS_MOVE = YES;
				CLANG_WARN_UNGUARDED_AVAILABILITY = YES_AGGRESSIVE;
				CLANG_WARN_UNREACHABLE_CODE = YES;
				CLANG_WARN__DUPLICATE_METHOD_MATCH = YES;
				COPY_PHASE_STRIP = NO;
				DEBUG_INFORMATION_FORMAT = dwarf;
				ENABLE_STRICT_OBJC_MSGSEND = YES;
				ENABLE_TESTABILITY = YES;
				ENABLE_USER_SCRIPT_SANDBOXING = YES;
				GCC_C_LANGUAGE_STANDARD = gnu17;
				GCC_DYNAMIC_NO_PIC = NO;
				GCC_NO_COMMON_BLOCKS = YES;
				GCC_OPTIMIZATION_LEVEL = 0;
				GCC_PREPROCESSOR_DEFINITIONS = (
					"DEBUG=1",
					"$(inherited)",
				);
				GCC_WARN_64_TO_32_BIT_CONVERSION = YES;
				GCC_WARN_ABOUT_RETURN_TYPE = YES_ERROR;
				GCC_WARN_UNDECLARED_SELECTOR = YES;
				GCC_WARN_UNINITIALIZED_AUTOS = YES_AGGRESSIVE;
				GCC_WARN_UNUSED_FUNCTION = YES;
				GCC_WARN_UNUSED_VARIABLE = YES;
				IPHONEOS_DEPLOYMENT_TARGET = 18.2;
				LOCALIZATION_PREFERS_STRING_CATALOGS = YES;
				MTL_ENABLE_DEBUG_INFO = INCLUDE_SOURCE;
				MTL_FAST_MATH = YES;
				ONLY_ACTIVE_ARCH = YES;
				SDKROOT = iphoneos;
				SWIFT_ACTIVE_COMPILATION_CONDITIONS = "DEBUG $(inherited)";
				SWIFT_OPTIMIZATION_LEVEL = "-Onone";
			};
			name = Debug;
		};
		EDAF6A842D6EE3BA0064A192 /* Release */ = {
			isa = XCBuildConfiguration;
			buildSettings = {
				ALWAYS_SEARCH_USER_PATHS = NO;
				ASSETCATALOG_COMPILER_GENERATE_SWIFT_ASSET_SYMBOL_EXTENSIONS = YES;
				CLANG_ANALYZER_NONNULL = YES;
				CLANG_ANALYZER_NUMBER_OBJECT_CONVERSION = YES_AGGRESSIVE;
				CLANG_CXX_LANGUAGE_STANDARD = "gnu++20";
				CLANG_ENABLE_MODULES = YES;
				CLANG_ENABLE_OBJC_ARC = YES;
				CLANG_ENABLE_OBJC_WEAK = YES;
				CLANG_WARN_BLOCK_CAPTURE_AUTORELEASING = YES;
				CLANG_WARN_BOOL_CONVERSION = YES;
				CLANG_WARN_COMMA = YES;
				CLANG_WARN_CONSTANT_CONVERSION = YES;
				CLANG_WARN_DEPRECATED_OBJC_IMPLEMENTATIONS = YES;
				CLANG_WARN_DIRECT_OBJC_ISA_USAGE = YES_ERROR;
				CLANG_WARN_DOCUMENTATION_COMMENTS = YES;
				CLANG_WARN_EMPTY_BODY = YES;
				CLANG_WARN_ENUM_CONVERSION = YES;
				CLANG_WARN_INFINITE_RECURSION = YES;
				CLANG_WARN_INT_CONVERSION = YES;
				CLANG_WARN_NON_LITERAL_NULL_CONVERSION = YES;
				CLANG_WARN_OBJC_IMPLICIT_RETAIN_SELF = YES;
				CLANG_WARN_OBJC_LITERAL_CONVERSION = YES;
				CLANG_WARN_OBJC_ROOT_CLASS = YES_ERROR;
				CLANG_WARN_QUOTED_INCLUDE_IN_FRAMEWORK_HEADER = YES;
				CLANG_WARN_RANGE_LOOP_ANALYSIS = YES;
				CLANG_WARN_STRICT_PROTOTYPES = YES;
				CLANG_WARN_SUSPICIOUS_MOVE = YES;
				CLANG_WARN_UNGUARDED_AVAILABILITY = YES_AGGRESSIVE;
				CLANG_WARN_UNREACHABLE_CODE = YES;
				CLANG_WARN__DUPLICATE_METHOD_MATCH = YES;
				COPY_PHASE_STRIP = NO;
				DEBUG_INFORMATION_FORMAT = "dwarf-with-dsym";
				ENABLE_NS_ASSERTIONS = NO;
				ENABLE_STRICT_OBJC_MSGSEND = YES;
				ENABLE_USER_SCRIPT_SANDBOXING = YES;
				GCC_C_LANGUAGE_STANDARD = gnu17;
				GCC_NO_COMMON_BLOCKS = YES;
				GCC_WARN_64_TO_32_BIT_CONVERSION = YES;
				GCC_WARN_ABOUT_RETURN_TYPE = YES_ERROR;
				GCC_WARN_UNDECLARED_SELECTOR = YES;
				GCC_WARN_UNINITIALIZED_AUTOS = YES_AGGRESSIVE;
				GCC_WARN_UNUSED_FUNCTION = YES;
				GCC_WARN_UNUSED_VARIABLE = YES;
				IPHONEOS_DEPLOYMENT_TARGET = 18.2;
				LOCALIZATION_PREFERS_STRING_CATALOGS = YES;
				MTL_ENABLE_DEBUG_INFO = NO;
				MTL_FAST_MATH = YES;
				SDKROOT = iphoneos;
				SWIFT_COMPILATION_MODE = wholemodule;
				VALIDATE_PRODUCT = YES;
			};
			name = Release;
		};
		EDAF6A862D6EE3BA0064A192 /* Debug */ = {
			isa = XCBuildConfiguration;
			buildSettings = {
				BUNDLE_LOADER = "$(TEST_HOST)";
				CODE_SIGN_STYLE = Automatic;
				CURRENT_PROJECT_VERSION = 1;
				GENERATE_INFOPLIST_FILE = YES;
				IPHONEOS_DEPLOYMENT_TARGET = 18.2;
				MARKETING_VERSION = 1.0;
				PRODUCT_BUNDLE_IDENTIFIER = "com.NH.iOS-App-memoTests";
				PRODUCT_NAME = "$(TARGET_NAME)";
				SWIFT_EMIT_LOC_STRINGS = NO;
				SWIFT_VERSION = 5.0;
				TARGETED_DEVICE_FAMILY = "1,2";
				TEST_HOST = "$(BUILT_PRODUCTS_DIR)/iOS_App_memo.app/$(BUNDLE_EXECUTABLE_FOLDER_PATH)/iOS_App_memo";
			};
			name = Debug;
		};
		EDAF6A872D6EE3BA0064A192 /* Release */ = {
			isa = XCBuildConfiguration;
			buildSettings = {
				BUNDLE_LOADER = "$(TEST_HOST)";
				CODE_SIGN_STYLE = Automatic;
				CURRENT_PROJECT_VERSION = 1;
				GENERATE_INFOPLIST_FILE = YES;
				IPHONEOS_DEPLOYMENT_TARGET = 18.2;
				MARKETING_VERSION = 1.0;
				PRODUCT_BUNDLE_IDENTIFIER = "com.NH.iOS-App-memoTests";
				PRODUCT_NAME = "$(TARGET_NAME)";
				SWIFT_EMIT_LOC_STRINGS = NO;
				SWIFT_VERSION = 5.0;
				TARGETED_DEVICE_FAMILY = "1,2";
				TEST_HOST = "$(BUILT_PRODUCTS_DIR)/iOS_App_memo.app/$(BUNDLE_EXECUTABLE_FOLDER_PATH)/iOS_App_memo";
			};
			name = Release;
		};
		EDAF6A892D6EE3BA0064A192 /* Debug */ = {
			isa = XCBuildConfiguration;
			buildSettings = {
				CODE_SIGN_STYLE = Automatic;
				CURRENT_PROJECT_VERSION = 1;
				GENERATE_INFOPLIST_FILE = YES;
				MARKETING_VERSION = 1.0;
				PRODUCT_BUNDLE_IDENTIFIER = "com.NH.iOS-App-memoUITests";
				PRODUCT_NAME = "$(TARGET_NAME)";
				SWIFT_EMIT_LOC_STRINGS = NO;
				SWIFT_VERSION = 5.0;
				TARGETED_DEVICE_FAMILY = "1,2";
				TEST_TARGET_NAME = iOS_App_memo;
			};
			name = Debug;
		};
		EDAF6A8A2D6EE3BA0064A192 /* Release */ = {
			isa = XCBuildConfiguration;
			buildSettings = {
				CODE_SIGN_STYLE = Automatic;
				CURRENT_PROJECT_VERSION = 1;
				GENERATE_INFOPLIST_FILE = YES;
				MARKETING_VERSION = 1.0;
				PRODUCT_BUNDLE_IDENTIFIER = "com.NH.iOS-App-memoUITests";
				PRODUCT_NAME = "$(TARGET_NAME)";
				SWIFT_EMIT_LOC_STRINGS = NO;
				SWIFT_VERSION = 5.0;
				TARGETED_DEVICE_FAMILY = "1,2";
				TEST_TARGET_NAME = iOS_App_memo;
			};
			name = Release;
		};
/* End XCBuildConfiguration section */

/* Begin XCConfigurationList section */
		EDAF6A522D6EE3B90064A192 /* Build configuration list for PBXProject "iOS_App_memo" */ = {
			isa = XCConfigurationList;
			buildConfigurations = (
				EDAF6A832D6EE3BA0064A192 /* Debug */,
				EDAF6A842D6EE3BA0064A192 /* Release */,
			);
			defaultConfigurationIsVisible = 0;
			defaultConfigurationName = Release;
		};
		EDAF6A802D6EE3BA0064A192 /* Build configuration list for PBXNativeTarget "iOS_App_memo" */ = {
			isa = XCConfigurationList;
			buildConfigurations = (
				EDAF6A812D6EE3BA0064A192 /* Debug */,
				EDAF6A822D6EE3BA0064A192 /* Release */,
			);
			defaultConfigurationIsVisible = 0;
			defaultConfigurationName = Release;
		};
		EDAF6A852D6EE3BA0064A192 /* Build configuration list for PBXNativeTarget "iOS_App_memoTests" */ = {
			isa = XCConfigurationList;
			buildConfigurations = (
				EDAF6A862D6EE3BA0064A192 /* Debug */,
				EDAF6A872D6EE3BA0064A192 /* Release */,
			);
			defaultConfigurationIsVisible = 0;
			defaultConfigurationName = Release;
		};
		EDAF6A882D6EE3BA0064A192 /* Build configuration list for PBXNativeTarget "iOS_App_memoUITests" */ = {
			isa = XCConfigurationList;
			buildConfigurations = (
				EDAF6A892D6EE3BA0064A192 /* Debug */,
				EDAF6A8A2D6EE3BA0064A192 /* Release */,
			);
			defaultConfigurationIsVisible = 0;
			defaultConfigurationName = Release;
		};
/* End XCConfigurationList section */
	};
	rootObject = EDAF6A4F2D6EE3B90064A192 /* Project object */;
}
